
Microsoft Visual Studio Solution File, Format Version 12.00
# Visual Studio Version 16
VisualStudioVersion = 16.0.31702.278
MinimumVisualStudioVersion = 10.0.40219.1
Project("{FAE04EC0-301F-11D3-BF4B-00C04F79EFBC}") = "BasicThreading", "BasicThreading.csproj", "{36213380-5365-4575-9D86-B3B22BF6D87A}"
EndProject
Global
	GlobalSection(SolutionConfigurationPlatforms) = preSolution
		Debug|Any CPU = Debug|Any CPU
		Release|Any CPU = Release|Any CPU
	EndGlobalSection
	GlobalSection(ProjectConfigurationPlatforms) = postSolution
		{36213380-5365-4575-9D86-B3B22BF6D87A}.Debug|Any CPU.ActiveCfg = Debug|Any CPU
		{36213380-5365-4575-9D86-B3B22BF6D87A}.Debug|Any CPU.Build.0 = Debug|Any CPU
		{36213380-5365-4575-9D86-B3B22BF6D87A}.Release|Any CPU.ActiveCfg = Release|Any CPU
		{36213380-5365-4575-9D86-B3B22BF6D87A}.Release|Any CPU.Build.0 = Release|Any CPU
	EndGlobalSection
	GlobalSection(SolutionProperties) = preSolution
		HideSolutionNode = FALSE
	EndGlobalSection
	GlobalSection(ExtensibilityGlobals) = postSolution
		SolutionGuid = {4B4A3684-D5EA-4D1B-B37A-4816B293BE63}
	EndGlobalSection
EndGlobal
